
Microsoft Visual Studio Solution File, Format Version 12.00
# Visual Studio Version 17
VisualStudioVersion = 17.3.32929.385
MinimumVisualStudioVersion = 10.0.40219.1
Project("{FAE04EC0-301F-11D3-BF4B-00C04F79EFBC}") = "YouTubeDownloaderV2", "YouTubeDownloaderV2.csproj", "{C080B9E0-46EB-4790-B2CA-F9AA9B726CFA}"
EndProject
Global
	GlobalSection(SolutionConfigurationPlatforms) = preSolution
		Debug|Any CPU = Debug|Any CPU
		Release|Any CPU = Release|Any CPU
	EndGlobalSection
	GlobalSection(ProjectConfigurationPlatforms) = postSolution
		{C080B9E0-46EB-4790-B2CA-F9AA9B726CFA}.Debug|Any CPU.ActiveCfg = Debug|Any CPU
		{C080B9E0-46EB-4790-B2CA-F9AA9B726CFA}.Debug|Any CPU.Build.0 = Debug|Any CPU
		{C080B9E0-46EB-4790-B2CA-F9AA9B726CFA}.Release|Any CPU.ActiveCfg = Release|Any CPU
		{C080B9E0-46EB-4790-B2CA-F9AA9B726CFA}.Release|Any CPU.Build.0 = Release|Any CPU
	EndGlobalSection
	GlobalSection(SolutionProperties) = preSolution
		HideSolutionNode = FALSE
	EndGlobalSection
	GlobalSection(ExtensibilityGlobals) = postSolution
		SolutionGuid = {352B9645-B1CB-416B-AAD7-069617EF01C7}
	EndGlobalSection
EndGlobal
